
Microsoft Visual Studio Solution File, Format Version 12.00
# Visual Studio Version 16
VisualStudioVersion = 16.0.31729.503
MinimumVisualStudioVersion = 10.0.40219.1
Project("{FAE04EC0-301F-11D3-BF4B-00C04F79EFBC}") = "TheCoffeHouse", "TheCoffeHouse\TheCoffeHouse\TheCoffeHouse.csproj", "{F02A2286-8852-4A53-A5A2-B98F6E4BEE0E}"
EndProject
Project("{FAE04EC0-301F-11D3-BF4B-00C04F79EFBC}") = "TheCoffeHouse.Android", "TheCoffeHouse\TheCoffeHouse.Android\TheCoffeHouse.Android.csproj", "{333B84D7-5CB5-4660-BA0B-BDA1E129B817}"
EndProject
Project("{FAE04EC0-301F-11D3-BF4B-00C04F79EFBC}") = "TheCoffeHouse.iOS", "TheCoffeHouse\TheCoffeHouse.iOS\TheCoffeHouse.iOS.csproj", "{97CC296D-3657-4ED2-A436-8800F21D1B24}"
EndProject
Global
	GlobalSection(SolutionConfigurationPlatforms) = preSolution
		Ad-Hoc|Any CPU = Ad-Hoc|Any CPU
		Ad-Hoc|iPhone = Ad-Hoc|iPhone
		Ad-Hoc|iPhoneSimulator = Ad-Hoc|iPhoneSimulator
		AppStore|Any CPU = AppStore|Any CPU
		AppStore|iPhone = AppStore|iPhone
		AppStore|iPhoneSimulator = AppStore|iPhoneSimulator
		Debug|Any CPU = Debug|Any CPU
		Debug|iPhone = Debug|iPhone
		Debug|iPhoneSimulator = Debug|iPhoneSimulator
		Release|Any CPU = Release|Any CPU
		Release|iPhone = Release|iPhone
		Release|iPhoneSimulator = Release|iPhoneSimulator
	EndGlobalSection
	GlobalSection(ProjectConfigurationPlatforms) = postSolution
		{F02A2286-8852-4A53-A5A2-B98F6E4BEE0E}.Ad-Hoc|Any CPU.ActiveCfg = Debug|Any CPU
		{F02A2286-8852-4A53-A5A2-B98F6E4BEE0E}.Ad-Hoc|Any CPU.Build.0 = Debug|Any CPU
		{F02A2286-8852-4A53-A5A2-B98F6E4BEE0E}.Ad-Hoc|iPhone.ActiveCfg = Debug|Any CPU
		{F02A2286-8852-4A53-A5A2-B98F6E4BEE0E}.Ad-Hoc|iPhone.Build.0 = Debug|Any CPU
		{F02A2286-8852-4A53-A5A2-B98F6E4BEE0E}.Ad-Hoc|iPhoneSimulator.ActiveCfg = Debug|Any CPU
		{F02A2286-8852-4A53-A5A2-B98F6E4BEE0E}.Ad-Hoc|iPhoneSimulator.Build.0 = Debug|Any CPU
		{F02A2286-8852-4A53-A5A2-B98F6E4BEE0E}.AppStore|Any CPU.ActiveCfg = Debug|Any CPU
		{F02A2286-8852-4A53-A5A2-B98F6E4BEE0E}.AppStore|Any CPU.Build.0 = Debug|Any CPU
		{F02A2286-8852-4A53-A5A2-B98F6E4BEE0E}.AppStore|iPhone.ActiveCfg = Debug|Any CPU
		{F02A2286-8852-4A53-A5A2-B98F6E4BEE0E}.AppStore|iPhone.Build.0 = Debug|Any CPU
		{F02A2286-8852-4A53-A5A2-B98F6E4BEE0E}.AppStore|iPhoneSimulator.ActiveCfg = Debug|Any CPU
		{F02A2286-8852-4A53-A5A2-B98F6E4BEE0E}.AppStore|iPhoneSimulator.Build.0 = Debug|Any CPU
		{F02A2286-8852-4A53-A5A2-B98F6E4BEE0E}.Debug|Any CPU.ActiveCfg = Debug|Any CPU
		{F02A2286-8852-4A53-A5A2-B98F6E4BEE0E}.Debug|Any CPU.Build.0 = Debug|Any CPU
		{F02A2286-8852-4A53-A5A2-B98F6E4BEE0E}.Debug|iPhone.ActiveCfg = Debug|Any CPU
		{F02A2286-8852-4A53-A5A2-B98F6E4BEE0E}.Debug|iPhone.Build.0 = Debug|Any CPU
		{F02A2286-8852-4A53-A5A2-B98F6E4BEE0E}.Debug|iPhoneSimulator.ActiveCfg = Debug|Any CPU
		{F02A2286-8852-4A53-A5A2-B98F6E4BEE0E}.Debug|iPhoneSimulator.Build.0 = Debug|Any CPU
		{F02A2286-8852-4A53-A5A2-B98F6E4BEE0E}.Release|Any CPU.ActiveCfg = Release|Any CPU
		{F02A2286-8852-4A53-A5A2-B98F6E4BEE0E}.Release|Any CPU.Build.0 = Release|Any CPU
		{F02A2286-8852-4A53-A5A2-B98F6E4BEE0E}.Release|iPhone.ActiveCfg = Release|Any CPU
		{F02A2286-8852-4A53-A5A2-B98F6E4BEE0E}.Release|iPhone.Build.0 = Release|Any CPU
		{F02A2286-8852-4A53-A5A2-B98F6E4BEE0E}.Release|iPhoneSimulator.ActiveCfg = Release|Any CPU
		{F02A2286-8852-4A53-A5A2-B98F6E4BEE0E}.Release|iPhoneSimulator.Build.0 = Release|Any CPU
		{333B84D7-5CB5-4660-BA0B-BDA1E129B817}.Ad-Hoc|Any CPU.ActiveCfg = Debug|Any CPU
		{333B84D7-5CB5-4660-BA0B-BDA1E129B817}.Ad-Hoc|Any CPU.Build.0 = Debug|Any CPU
		{333B84D7-5CB5-4660-BA0B-BDA1E129B817}.Ad-Hoc|Any CPU.Deploy.0 = Debug|Any CPU
		{333B84D7-5CB5-4660-BA0B-BDA1E129B817}.Ad-Hoc|iPhone.ActiveCfg = Debug|Any CPU
		{333B84D7-5CB5-4660-BA0B-BDA1E129B817}.Ad-Hoc|iPhone.Build.0 = Debug|Any CPU
		{333B84D7-5CB5-4660-BA0B-BDA1E129B817}.Ad-Hoc|iPhone.Deploy.0 = Debug|Any CPU
		{333B84D7-5CB5-4660-BA0B-BDA1E129B817}.Ad-Hoc|iPhoneSimulator.ActiveCfg = Debug|Any CPU
		{333B84D7-5CB5-4660-BA0B-BDA1E129B817}.Ad-Hoc|iPhoneSimulator.Build.0 = Debug|Any CPU
		{333B84D7-5CB5-4660-BA0B-BDA1E129B817}.Ad-Hoc|iPhoneSimulator.Deploy.0 = Debug|Any CPU
		{333B84D7-5CB5-4660-BA0B-BDA1E129B817}.AppStore|Any CPU.ActiveCfg = Debug|Any CPU
		{333B84D7-5CB5-4660-BA0B-BDA1E129B817}.AppStore|Any CPU.Build.0 = Debug|Any CPU
		{333B84D7-5CB5-4660-BA0B-BDA1E129B817}.AppStore|Any CPU.Deploy.0 = Debug|Any CPU
		{333B84D7-5CB5-4660-BA0B-BDA1E129B817}.AppStore|iPhone.ActiveCfg = Debug|Any CPU
		{333B84D7-5CB5-4660-BA0B-BDA1E129B817}.AppStore|iPhone.Build.0 = Debug|Any CPU
		{333B84D7-5CB5-4660-BA0B-BDA1E129B817}.AppStore|iPhone.Deploy.0 = Debug|Any CPU
		{333B84D7-5CB5-4660-BA0B-BDA1E129B817}.AppStore|iPhoneSimulator.ActiveCfg = Debug|Any CPU
		{333B84D7-5CB5-4660-BA0B-BDA1E129B817}.AppStore|iPhoneSimulator.Build.0 = Debug|Any CPU
		{333B84D7-5CB5-4660-BA0B-BDA1E129B817}.AppStore|iPhoneSimulator.Deploy.0 = Debug|Any CPU
		{333B84D7-5CB5-4660-BA0B-BDA1E129B817}.Debug|Any CPU.ActiveCfg = Debug|Any CPU
		{333B84D7-5CB5-4660-BA0B-BDA1E129B817}.Debug|Any CPU.Build.0 = Debug|Any CPU
		{333B84D7-5CB5-4660-BA0B-BDA1E129B817}.Debug|Any CPU.Deploy.0 = Debug|Any CPU
		{333B84D7-5CB5-4660-BA0B-BDA1E129B817}.Debug|iPhone.ActiveCfg = Debug|Any CPU
		{333B84D7-5CB5-4660-BA0B-BDA1E129B817}.Debug|iPhone.Build.0 = Debug|Any CPU
		{333B84D7-5CB5-4660-BA0B-BDA1E129B817}.Debug|iPhone.Deploy.0 = Debug|Any CPU
		{333B84D7-5CB5-4660-BA0B-BDA1E129B817}.Debug|iPhoneSimulator.ActiveCfg = Debug|Any CPU
		{333B84D7-5CB5-4660-BA0B-BDA1E129B817}.Debug|iPhoneSimulator.Build.0 = Debug|Any CPU
		{333B84D7-5CB5-4660-BA0B-BDA1E129B817}.Debug|iPhoneSimulator.Deploy.0 = Debug|Any CPU
		{333B84D7-5CB5-4660-BA0B-BDA1E129B817}.Release|Any CPU.ActiveCfg = Release|Any CPU
		{333B84D7-5CB5-4660-BA0B-BDA1E129B817}.Release|Any CPU.Build.0 = Release|Any CPU
		{333B84D7-5CB5-4660-BA0B-BDA1E129B817}.Release|Any CPU.Deploy.0 = Release|Any CPU
		{333B84D7-5CB5-4660-BA0B-BDA1E129B817}.Release|iPhone.ActiveCfg = Release|Any CPU
		{333B84D7-5CB5-4660-BA0B-BDA1E129B817}.Release|iPhone.Build.0 = Release|Any CPU
		{333B84D7-5CB5-4660-BA0B-BDA1E129B817}.Release|iPhone.Deploy.0 = Release|Any CPU
		{333B84D7-5CB5-4660-BA0B-BDA1E129B817}.Release|iPhoneSimulator.ActiveCfg = Release|Any CPU
		{333B84D7-5CB5-4660-BA0B-BDA1E129B817}.Release|iPhoneSimulator.Build.0 = Release|Any CPU
		{333B84D7-5CB5-4660-BA0B-BDA1E129B817}.Release|iPhoneSimulator.Deploy.0 = Release|Any CPU
		{97CC296D-3657-4ED2-A436-8800F21D1B24}.Ad-Hoc|Any CPU.ActiveCfg = Ad-Hoc|iPhoneSimulator
		{97CC296D-3657-4ED2-A436-8800F21D1B24}.Ad-Hoc|iPhone.ActiveCfg = Ad-Hoc|iPhone
		{97CC296D-3657-4ED2-A436-8800F21D1B24}.Ad-Hoc|iPhone.Build.0 = Ad-Hoc|iPhone
		{97CC296D-3657-4ED2-A436-8800F21D1B24}.Ad-Hoc|iPhoneSimulator.ActiveCfg = Ad-Hoc|iPhoneSimulator
		{97CC296D-3657-4ED2-A436-8800F21D1B24}.Ad-Hoc|iPhoneSimulator.Build.0 = Ad-Hoc|iPhoneSimulator
		{97CC296D-3657-4ED2-A436-8800F21D1B24}.AppStore|Any CPU.ActiveCfg = AppStore|iPhoneSimulator
		{97CC296D-3657-4ED2-A436-8800F21D1B24}.AppStore|iPhone.ActiveCfg = AppStore|iPhone
		{97CC296D-3657-4ED2-A436-8800F21D1B24}.AppStore|iPhone.Build.0 = AppStore|iPhone
		{97CC296D-3657-4ED2-A436-8800F21D1B24}.AppStore|iPhoneSimulator.ActiveCfg = AppStore|iPhoneSimulator
		{97CC296D-3657-4ED2-A436-8800F21D1B24}.AppStore|iPhoneSimulator.Build.0 = AppStore|iPhoneSimulator
		{97CC296D-3657-4ED2-A436-8800F21D1B24}.Debug|Any CPU.ActiveCfg = Debug|iPhoneSimulator
		{97CC296D-3657-4ED2-A436-8800F21D1B24}.Debug|iPhone.ActiveCfg = Debug|iPhone
		{97CC296D-3657-4ED2-A436-8800F21D1B24}.Debug|iPhone.Build.0 = Debug|iPhone
		{97CC296D-3657-4ED2-A436-8800F21D1B24}.Debug|iPhoneSimulator.ActiveCfg = Debug|iPhoneSimulator
		{97CC296D-3657-4ED2-A436-8800F21D1B24}.Debug|iPhoneSimulator.Build.0 = Debug|iPhoneSimulator
		{97CC296D-3657-4ED2-A436-8800F21D1B24}.Release|Any CPU.ActiveCfg = Release|iPhoneSimulator
		{97CC296D-3657-4ED2-A436-8800F21D1B24}.Release|iPhone.ActiveCfg = Release|iPhone
		{97CC296D-3657-4ED2-A436-8800F21D1B24}.Release|iPhone.Build.0 = Release|iPhone
		{97CC296D-3657-4ED2-A436-8800F21D1B24}.Release|iPhoneSimulator.ActiveCfg = Release|iPhoneSimulator
		{97CC296D-3657-4ED2-A436-8800F21D1B24}.Release|iPhoneSimulator.Build.0 = Release|iPhoneSimulator
	EndGlobalSection
	GlobalSection(SolutionProperties) = preSolution
		HideSolutionNode = FALSE
	EndGlobalSection
	GlobalSection(ExtensibilityGlobals) = postSolution
		SolutionGuid = {7B630249-47B7-4E15-A5B8-E94E154A5497}
	EndGlobalSection
EndGlobal
